// !$*UTF8*$!
{
	archiveVersion = 1;
	classes = {
	};
	objectVersion = 50;
	objects = {

/* Begin PBXBuildFile section */
		41097284264CED450005C895 /* HexagonParameters.swift in Sources */ = {isa = PBXBuildFile; fileRef = 41097283264CED450005C895 /* HexagonParameters.swift */; };
		41097287264CEEDF0005C895 /* BadgeBackground.swift in Sources */ = {isa = PBXBuildFile; fileRef = 41097286264CEEDF0005C895 /* BadgeBackground.swift */; };
		4109728A264CF4230005C895 /* BadgeSymbol.swift in Sources */ = {isa = PBXBuildFile; fileRef = 41097289264CF4230005C895 /* BadgeSymbol.swift */; };
		4109728E264D00FB0005C895 /* RotatedBadgeSymbol.swift in Sources */ = {isa = PBXBuildFile; fileRef = 4109728D264D00FB0005C895 /* RotatedBadgeSymbol.swift */; };
		41097291264D01480005C895 /* Badge.swift in Sources */ = {isa = PBXBuildFile; fileRef = 41097290264D01480005C895 /* Badge.swift */; };
		41097296264D08730005C895 /* hikeData.json in Resources */ = {isa = PBXBuildFile; fileRef = 41097295264D08730005C895 /* hikeData.json */; };
		41097299264D088C0005C895 /* Hike.swift in Sources */ = {isa = PBXBuildFile; fileRef = 41097298264D088C0005C895 /* Hike.swift */; };
		410972A0264D09DC0005C895 /* GraphCapsule.swift in Sources */ = {isa = PBXBuildFile; fileRef = 4109729C264D09DC0005C895 /* GraphCapsule.swift */; };
		410972A1264D09DC0005C895 /* HikeGraph.swift in Sources */ = {isa = PBXBuildFile; fileRef = 4109729D264D09DC0005C895 /* HikeGraph.swift */; };
		410972A2264D09DC0005C895 /* HikeDetail.swift in Sources */ = {isa = PBXBuildFile; fileRef = 4109729E264D09DC0005C895 /* HikeDetail.swift */; };
		410972A3264D09DC0005C895 /* HikeView.swift in Sources */ = {isa = PBXBuildFile; fileRef = 4109729F264D09DC0005C895 /* HikeView.swift */; };
		418830DC262F0C96004981D2 /* FavoriteButton.swift in Sources */ = {isa = PBXBuildFile; fileRef = 418830DB262F0C96004981D2 /* FavoriteButton.swift */; };
		418D4075262C7CEE00A5BFA9 /* landmarkData.json in Resources */ = {isa = PBXBuildFile; fileRef = 418D4074262C7CEE00A5BFA9 /* landmarkData.json */; };
		418D4078262C7D0200A5BFA9 /* Landmark.swift in Sources */ = {isa = PBXBuildFile; fileRef = 418D4077262C7D0200A5BFA9 /* Landmark.swift */; };
		418D407F262C7E3B00A5BFA9 /* ModelData.swift in Sources */ = {isa = PBXBuildFile; fileRef = 418D407E262C7E3B00A5BFA9 /* ModelData.swift */; };
		418D4085262C7FC900A5BFA9 /* LandmarkRow.swift in Sources */ = {isa = PBXBuildFile; fileRef = 418D4084262C7FC900A5BFA9 /* LandmarkRow.swift */; };
		418D4089262C83BB00A5BFA9 /* LandmarkList.swift in Sources */ = {isa = PBXBuildFile; fileRef = 418D4088262C83BB00A5BFA9 /* LandmarkList.swift */; };
		418D408C262C859D00A5BFA9 /* LandmarkDetail.swift in Sources */ = {isa = PBXBuildFile; fileRef = 418D408B262C859D00A5BFA9 /* LandmarkDetail.swift */; };
		41D73EFA264D345E00B296EE /* CategoryHome.swift in Sources */ = {isa = PBXBuildFile; fileRef = 41D73EF9264D345E00B296EE /* CategoryHome.swift */; };
		41D73EFD264D374B00B296EE /* CategoryRow.swift in Sources */ = {isa = PBXBuildFile; fileRef = 41D73EFC264D374B00B296EE /* CategoryRow.swift */; };
		41D73F00264D388400B296EE /* CategoryItem.swift in Sources */ = {isa = PBXBuildFile; fileRef = 41D73EFF264D388400B296EE /* CategoryItem.swift */; };
		41D73F03264D494700B296EE /* Profile.swift in Sources */ = {isa = PBXBuildFile; fileRef = 41D73F02264D494700B296EE /* Profile.swift */; };
		41D73F06264D49EE00B296EE /* ProfileHost.swift in Sources */ = {isa = PBXBuildFile; fileRef = 41D73F05264D49EE00B296EE /* ProfileHost.swift */; };
		41D73F0C264D4A7600B296EE /* ProfileSummary.swift in Sources */ = {isa = PBXBuildFile; fileRef = 41D73F0B264D4A7600B296EE /* ProfileSummary.swift */; };
		41D73F0F264D4B6200B296EE /* HikeBadge.swift in Sources */ = {isa = PBXBuildFile; fileRef = 41D73F0E264D4B6200B296EE /* HikeBadge.swift */; };
		41D73F12264D508B00B296EE /* ProfileEditor.swift in Sources */ = {isa = PBXBuildFile; fileRef = 41D73F11264D508B00B296EE /* ProfileEditor.swift */; };
		41D8EC3D262BE8B2005721C2 /* LandmarksApp.swift in Sources */ = {isa = PBXBuildFile; fileRef = 41D8EC3C262BE8B2005721C2 /* LandmarksApp.swift */; };
		41D8EC3F262BE8B2005721C2 /* ContentView.swift in Sources */ = {isa = PBXBuildFile; fileRef = 41D8EC3E262BE8B2005721C2 /* ContentView.swift */; };
		41D8EC41262BE8B3005721C2 /* Assets.xcassets in Resources */ = {isa = PBXBuildFile; fileRef = 41D8EC40262BE8B3005721C2 /* Assets.xcassets */; };
		41D8EC44262BE8B3005721C2 /* Preview Assets.xcassets in Resources */ = {isa = PBXBuildFile; fileRef = 41D8EC43262BE8B3005721C2 /* Preview Assets.xcassets */; };
		41D8EC4D262BF1A6005721C2 /* CircleImage.swift in Sources */ = {isa = PBXBuildFile; fileRef = 41D8EC4C262BF1A6005721C2 /* CircleImage.swift */; };
		41D8EC50262BF376005721C2 /* MapView.swift in Sources */ = {isa = PBXBuildFile; fileRef = 41D8EC4F262BF376005721C2 /* MapView.swift */; };
/* End PBXBuildFile section */

/* Begin PBXFileReference section */
		41097283264CED450005C895 /* HexagonParameters.swift */ = {isa = PBXFileReference; lastKnownFileType = sourcecode.swift; path = HexagonParameters.swift; sourceTree = "<group>"; };
		41097286264CEEDF0005C895 /* BadgeBackground.swift */ = {isa = PBXFileReference; lastKnownFileType = sourcecode.swift; path = BadgeBackground.swift; sourceTree = "<group>"; };
		41097289264CF4230005C895 /* BadgeSymbol.swift */ = {isa = PBXFileReference; lastKnownFileType = sourcecode.swift; path = BadgeSymbol.swift; sourceTree = "<group>"; };
		4109728D264D00FB0005C895 /* RotatedBadgeSymbol.swift */ = {isa = PBXFileReference; lastKnownFileType = sourcecode.swift; path = RotatedBadgeSymbol.swift; sourceTree = "<group>"; };
		41097290264D01480005C895 /* Badge.swift */ = {isa = PBXFileReference; lastKnownFileType = sourcecode.swift; path = Badge.swift; sourceTree = "<group>"; };
		41097295264D08730005C895 /* hikeData.json */ = {isa = PBXFileReference; fileEncoding = 4; lastKnownFileType = text.json; path = hikeData.json; sourceTree = "<group>"; };
		41097298264D088C0005C895 /* Hike.swift */ = {isa = PBXFileReference; lastKnownFileType = sourcecode.swift; path = Hike.swift; sourceTree = "<group>"; };
		4109729C264D09DC0005C895 /* GraphCapsule.swift */ = {isa = PBXFileReference; fileEncoding = 4; lastKnownFileType = sourcecode.swift; path = GraphCapsule.swift; sourceTree = "<group>"; };
		4109729D264D09DC0005C895 /* HikeGraph.swift */ = {isa = PBXFileReference; fileEncoding = 4; lastKnownFileType = sourcecode.swift; path = HikeGraph.swift; sourceTree = "<group>"; };
		4109729E264D09DC0005C895 /* HikeDetail.swift */ = {isa = PBXFileReference; fileEncoding = 4; lastKnownFileType = sourcecode.swift; path = HikeDetail.swift; sourceTree = "<group>"; };
		4109729F264D09DC0005C895 /* HikeView.swift */ = {isa = PBXFileReference; fileEncoding = 4; lastKnownFileType = sourcecode.swift; path = HikeView.swift; sourceTree = "<group>"; };
		418830DB262F0C96004981D2 /* FavoriteButton.swift */ = {isa = PBXFileReference; lastKnownFileType = sourcecode.swift; path = FavoriteButton.swift; sourceTree = "<group>"; };
		418D4074262C7CEE00A5BFA9 /* landmarkData.json */ = {isa = PBXFileReference; fileEncoding = 4; lastKnownFileType = text.json; path = landmarkData.json; sourceTree = "<group>"; };
		418D4077262C7D0200A5BFA9 /* Landmark.swift */ = {isa = PBXFileReference; lastKnownFileType = sourcecode.swift; path = Landmark.swift; sourceTree = "<group>"; };
		418D407E262C7E3B00A5BFA9 /* ModelData.swift */ = {isa = PBXFileReference; lastKnownFileType = sourcecode.swift; path = ModelData.swift; sourceTree = "<group>"; };
		418D4084262C7FC900A5BFA9 /* LandmarkRow.swift */ = {isa = PBXFileReference; lastKnownFileType = sourcecode.swift; path = LandmarkRow.swift; sourceTree = "<group>"; };
		418D4088262C83BB00A5BFA9 /* LandmarkList.swift */ = {isa = PBXFileReference; lastKnownFileType = sourcecode.swift; path = LandmarkList.swift; sourceTree = "<group>"; };
		418D408B262C859D00A5BFA9 /* LandmarkDetail.swift */ = {isa = PBXFileReference; lastKnownFileType = sourcecode.swift; path = LandmarkDetail.swift; sourceTree = "<group>"; };
		41D73EF9264D345E00B296EE /* CategoryHome.swift */ = {isa = PBXFileReference; lastKnownFileType = sourcecode.swift; path = CategoryHome.swift; sourceTree = "<group>"; };
		41D73EFC264D374B00B296EE /* CategoryRow.swift */ = {isa = PBXFileReference; lastKnownFileType = sourcecode.swift; path = CategoryRow.swift; sourceTree = "<group>"; };
		41D73EFF264D388400B296EE /* CategoryItem.swift */ = {isa = PBXFileReference; lastKnownFileType = sourcecode.swift; path = CategoryItem.swift; sourceTree = "<group>"; };
		41D73F02264D494700B296EE /* Profile.swift */ = {isa = PBXFileReference; lastKnownFileType = sourcecode.swift; path = Profile.swift; sourceTree = "<group>"; };
		41D73F05264D49EE00B296EE /* ProfileHost.swift */ = {isa = PBXFileReference; lastKnownFileType = sourcecode.swift; path = ProfileHost.swift; sourceTree = "<group>"; };
		41D73F0B264D4A7600B296EE /* ProfileSummary.swift */ = {isa = PBXFileReference; lastKnownFileType = sourcecode.swift; path = ProfileSummary.swift; sourceTree = "<group>"; };
		41D73F0E264D4B6200B296EE /* HikeBadge.swift */ = {isa = PBXFileReference; lastKnownFileType = sourcecode.swift; path = HikeBadge.swift; sourceTree = "<group>"; };
		41D73F11264D508B00B296EE /* ProfileEditor.swift */ = {isa = PBXFileReference; lastKnownFileType = sourcecode.swift; path = ProfileEditor.swift; sourceTree = "<group>"; };
		41D8EC39262BE8B2005721C2 /* Landmarks.app */ = {isa = PBXFileReference; explicitFileType = wrapper.application; includeInIndex = 0; path = Landmarks.app; sourceTree = BUILT_PRODUCTS_DIR; };
		41D8EC3C262BE8B2005721C2 /* LandmarksApp.swift */ = {isa = PBXFileReference; lastKnownFileType = sourcecode.swift; path = LandmarksApp.swift; sourceTree = "<group>"; };
		41D8EC3E262BE8B2005721C2 /* ContentView.swift */ = {isa = PBXFileReference; lastKnownFileType = sourcecode.swift; path = ContentView.swift; sourceTree = "<group>"; };
		41D8EC40262BE8B3005721C2 /* Assets.xcassets */ = {isa = PBXFileReference; lastKnownFileType = folder.assetcatalog; path = Assets.xcassets; sourceTree = "<group>"; };
		41D8EC43262BE8B3005721C2 /* Preview Assets.xcassets */ = {isa = PBXFileReference; lastKnownFileType = folder.assetcatalog; path = "Preview Assets.xcassets"; sourceTree = "<group>"; };
		41D8EC45262BE8B3005721C2 /* Info.plist */ = {isa = PBXFileReference; lastKnownFileType = text.plist.xml; path = Info.plist; sourceTree = "<group>"; };
		41D8EC4C262BF1A6005721C2 /* CircleImage.swift */ = {isa = PBXFileReference; lastKnownFileType = sourcecode.swift; path = CircleImage.swift; sourceTree = "<group>"; };
		41D8EC4F262BF376005721C2 /* MapView.swift */ = {isa = PBXFileReference; lastKnownFileType = sourcecode.swift; path = MapView.swift; sourceTree = "<group>"; };
/* End PBXFileReference section */

/* Begin PBXFrameworksBuildPhase section */
		41D8EC36262BE8B2005721C2 /* Frameworks */ = {
			isa = PBXFrameworksBuildPhase;
			buildActionMask = 2147483647;
			files = (
			);
			runOnlyForDeploymentPostprocessing = 0;
		};
/* End PBXFrameworksBuildPhase section */

/* Begin PBXGroup section */
		41097293264D050F0005C895 /* Badges */ = {
			isa = PBXGroup;
			children = (
				41097283264CED450005C895 /* HexagonParameters.swift */,
				41097286264CEEDF0005C895 /* BadgeBackground.swift */,
				41097289264CF4230005C895 /* BadgeSymbol.swift */,
				4109728D264D00FB0005C895 /* RotatedBadgeSymbol.swift */,
				41097290264D01480005C895 /* Badge.swift */,
			);
			path = Badges;
			sourceTree = "<group>";
		};
		4109729B264D09DC0005C895 /* Hikes */ = {
			isa = PBXGroup;
			children = (
				4109729C264D09DC0005C895 /* GraphCapsule.swift */,
				4109729D264D09DC0005C895 /* HikeGraph.swift */,
				4109729E264D09DC0005C895 /* HikeDetail.swift */,
				4109729F264D09DC0005C895 /* HikeView.swift */,
				41D73F0E264D4B6200B296EE /* HikeBadge.swift */,
			);
			path = Hikes;
			sourceTree = "<group>";
		};
		418830DE262F0E7E004981D2 /* Helpers */ = {
			isa = PBXGroup;
			children = (
				41D8EC4C262BF1A6005721C2 /* CircleImage.swift */,
				41D8EC4F262BF376005721C2 /* MapView.swift */,
				418830DB262F0C96004981D2 /* FavoriteButton.swift */,
			);
			path = Helpers;
			sourceTree = "<group>";
		};
		418830DF262F0E89004981D2 /* Landmarks */ = {
			isa = PBXGroup;
			children = (
				418D4084262C7FC900A5BFA9 /* LandmarkRow.swift */,
				418D4088262C83BB00A5BFA9 /* LandmarkList.swift */,
				418D408B262C859D00A5BFA9 /* LandmarkDetail.swift */,
			);
			path = Landmarks;
			sourceTree = "<group>";
		};
		418D4081262C7F5600A5BFA9 /* Views */ = {
			isa = PBXGroup;
			children = (
				41D73F08264D4A1600B296EE /* Profiles */,
				41D73EF8264D344100B296EE /* Categories */,
				4109729B264D09DC0005C895 /* Hikes */,
				41D8EC3E262BE8B2005721C2 /* ContentView.swift */,
			);
			path = Views;
			sourceTree = "<group>";
		};
		418D4082262C7F7700A5BFA9 /* Model */ = {
			isa = PBXGroup;
			children = (
				418D4077262C7D0200A5BFA9 /* Landmark.swift */,
				418D407E262C7E3B00A5BFA9 /* ModelData.swift */,
				41097298264D088C0005C895 /* Hike.swift */,
				41D73F02264D494700B296EE /* Profile.swift */,
			);
			path = Model;
			sourceTree = "<group>";
		};
		418D4083262C7F8B00A5BFA9 /* Resources */ = {
			isa = PBXGroup;
			children = (
				41097295264D08730005C895 /* hikeData.json */,
				418D4074262C7CEE00A5BFA9 /* landmarkData.json */,
			);
			path = Resources;
			sourceTree = "<group>";
		};
		41D73EF8264D344100B296EE /* Categories */ = {
			isa = PBXGroup;
			children = (
				41D73EF9264D345E00B296EE /* CategoryHome.swift */,
				41D73EFC264D374B00B296EE /* CategoryRow.swift */,
				41D73EFF264D388400B296EE /* CategoryItem.swift */,
			);
			path = Categories;
			sourceTree = "<group>";
		};
		41D73F08264D4A1600B296EE /* Profiles */ = {
			isa = PBXGroup;
			children = (
				41D73F05264D49EE00B296EE /* ProfileHost.swift */,
				41D73F0B264D4A7600B296EE /* ProfileSummary.swift */,
				41D73F11264D508B00B296EE /* ProfileEditor.swift */,
			);
			name = Profiles;
			sourceTree = "<group>";
		};
		41D8EC30262BE8B2005721C2 = {
			isa = PBXGroup;
			children = (
				41D8EC3B262BE8B2005721C2 /* Landmarks */,
				41D8EC3A262BE8B2005721C2 /* Products */,
			);
			sourceTree = "<group>";
		};
		41D8EC3A262BE8B2005721C2 /* Products */ = {
			isa = PBXGroup;
			children = (
				41D8EC39262BE8B2005721C2 /* Landmarks.app */,
			);
			name = Products;
			sourceTree = "<group>";
		};
		41D8EC3B262BE8B2005721C2 /* Landmarks */ = {
			isa = PBXGroup;
			children = (
				41097293264D050F0005C895 /* Badges */,
				418830DF262F0E89004981D2 /* Landmarks */,
				418830DE262F0E7E004981D2 /* Helpers */,
				418D4083262C7F8B00A5BFA9 /* Resources */,
				418D4082262C7F7700A5BFA9 /* Model */,
				418D4081262C7F5600A5BFA9 /* Views */,
				41D8EC3C262BE8B2005721C2 /* LandmarksApp.swift */,
				41D8EC40262BE8B3005721C2 /* Assets.xcassets */,
				41D8EC45262BE8B3005721C2 /* Info.plist */,
				41D8EC42262BE8B3005721C2 /* Preview Content */,
			);
			path = Landmarks;
			sourceTree = "<group>";
		};
		41D8EC42262BE8B3005721C2 /* Preview Content */ = {
			isa = PBXGroup;
			children = (
				41D8EC43262BE8B3005721C2 /* Preview Assets.xcassets */,
			);
			path = "Preview Content";
			sourceTree = "<group>";
		};
/* End PBXGroup section */

/* Begin PBXNativeTarget section */
		41D8EC38262BE8B2005721C2 /* Landmarks */ = {
			isa = PBXNativeTarget;
			buildConfigurationList = 41D8EC48262BE8B3005721C2 /* Build configuration list for PBXNativeTarget "Landmarks" */;
			buildPhases = (
				41D8EC35262BE8B2005721C2 /* Sources */,
				41D8EC36262BE8B2005721C2 /* Frameworks */,
				41D8EC37262BE8B2005721C2 /* Resources */,
			);
			buildRules = (
			);
			dependencies = (
			);
			name = Landmarks;
			productName = Landmarks;
			productReference = 41D8EC39262BE8B2005721C2 /* Landmarks.app */;
			productType = "com.apple.product-type.application";
		};
/* End PBXNativeTarget section */

/* Begin PBXProject section */
		41D8EC31262BE8B2005721C2 /* Project object */ = {
			isa = PBXProject;
			attributes = {
				LastSwiftUpdateCheck = 1240;
				LastUpgradeCheck = 1240;
				TargetAttributes = {
					41D8EC38262BE8B2005721C2 = {
						CreatedOnToolsVersion = 12.4;
					};
				};
			};
			buildConfigurationList = 41D8EC34262BE8B2005721C2 /* Build configuration list for PBXProject "Landmarks" */;
			compatibilityVersion = "Xcode 9.3";
			developmentRegion = en;
			hasScannedForEncodings = 0;
			knownRegions = (
				en,
				Base,
			);
			mainGroup = 41D8EC30262BE8B2005721C2;
			productRefGroup = 41D8EC3A262BE8B2005721C2 /* Products */;
			projectDirPath = "";
			projectRoot = "";
			targets = (
				41D8EC38262BE8B2005721C2 /* Landmarks */,
			);
		};
/* End PBXProject section */

/* Begin PBXResourcesBuildPhase section */
		41D8EC37262BE8B2005721C2 /* Resources */ = {
			isa = PBXResourcesBuildPhase;
			buildActionMask = 2147483647;
			files = (
				41097296264D08730005C895 /* hikeData.json in Resources */,
				41D8EC44262BE8B3005721C2 /* Preview Assets.xcassets in Resources */,
				41D8EC41262BE8B3005721C2 /* Assets.xcassets in Resources */,
				418D4075262C7CEE00A5BFA9 /* landmarkData.json in Resources */,
			);
			runOnlyForDeploymentPostprocessing = 0;
		};
/* End PBXResourcesBuildPhase section */

/* Begin PBXSourcesBuildPhase section */
		41D8EC35262BE8B2005721C2 /* Sources */ = {
			isa = PBXSourcesBuildPhase;
			buildActionMask = 2147483647;
			files = (
				41D73EFD264D374B00B296EE /* CategoryRow.swift in Sources */,
				41D73F03264D494700B296EE /* Profile.swift in Sources */,
				41D8EC3F262BE8B2005721C2 /* ContentView.swift in Sources */,
				41D73EFA264D345E00B296EE /* CategoryHome.swift in Sources */,
				410972A1264D09DC0005C895 /* HikeGraph.swift in Sources */,
				41097291264D01480005C895 /* Badge.swift in Sources */,
				41D8EC50262BF376005721C2 /* MapView.swift in Sources */,
				410972A0264D09DC0005C895 /* GraphCapsule.swift in Sources */,
				41D8EC3D262BE8B2005721C2 /* LandmarksApp.swift in Sources */,
				418830DC262F0C96004981D2 /* FavoriteButton.swift in Sources */,
				41D73F00264D388400B296EE /* CategoryItem.swift in Sources */,
				410972A2264D09DC0005C895 /* HikeDetail.swift in Sources */,
				41D73F0C264D4A7600B296EE /* ProfileSummary.swift in Sources */,
				41097284264CED450005C895 /* HexagonParameters.swift in Sources */,
				41097299264D088C0005C895 /* Hike.swift in Sources */,
				41D73F06264D49EE00B296EE /* ProfileHost.swift in Sources */,
				4109728E264D00FB0005C895 /* RotatedBadgeSymbol.swift in Sources */,
				4109728A264CF4230005C895 /* BadgeSymbol.swift in Sources */,
				41D73F12264D508B00B296EE /* ProfileEditor.swift in Sources */,
				418D4089262C83BB00A5BFA9 /* LandmarkList.swift in Sources */,
				410972A3264D09DC0005C895 /* HikeView.swift in Sources */,
				418D408C262C859D00A5BFA9 /* LandmarkDetail.swift in Sources */,
				41097287264CEEDF0005C895 /* BadgeBackground.swift in Sources */,
				41D73F0F264D4B6200B296EE /* HikeBadge.swift in Sources */,
				41D8EC4D262BF1A6005721C2 /* CircleImage.swift in Sources */,
				418D4078262C7D0200A5BFA9 /* Landmark.swift in Sources */,
				418D4085262C7FC900A5BFA9 /* LandmarkRow.swift in Sources */,
				418D407F262C7E3B00A5BFA9 /* ModelData.swift in Sources */,
			);
			runOnlyForDeploymentPostprocessing = 0;
		};
/* End PBXSourcesBuildPhase section */

/* Begin XCBuildConfiguration section */
		41D8EC46262BE8B3005721C2 /* Debug */ = {
			isa = XCBuildConfiguration;
			buildSettings = {
				ALWAYS_SEARCH_USER_PATHS = NO;
				CLANG_ANALYZER_NONNULL = YES;
				CLANG_ANALYZER_NUMBER_OBJECT_CONVERSION = YES_AGGRESSIVE;
				CLANG_CXX_LANGUAGE_STANDARD = "gnu++14";
				CLANG_CXX_LIBRARY = "libc++";
				CLANG_ENABLE_MODULES = YES;
				CLANG_ENABLE_OBJC_ARC = YES;
				CLANG_ENABLE_OBJC_WEAK = YES;
				CLANG_WARN_BLOCK_CAPTURE_AUTORELEASING = YES;
				CLANG_WARN_BOOL_CONVERSION = YES;
				CLANG_WARN_COMMA = YES;
				CLANG_WARN_CONSTANT_CONVERSION = YES;
				CLANG_WARN_DEPRECATED_OBJC_IMPLEMENTATIONS = YES;
				CLANG_WARN_DIRECT_OBJC_ISA_USAGE = YES_ERROR;
				CLANG_WARN_DOCUMENTATION_COMMENTS = YES;
				CLANG_WARN_EMPTY_BODY = YES;
				CLANG_WARN_ENUM_CONVERSION = YES;
				CLANG_WARN_INFINITE_RECURSION = YES;
				CLANG_WARN_INT_CONVERSION = YES;
				CLANG_WARN_NON_LITERAL_NULL_CONVERSION = YES;
				CLANG_WARN_OBJC_IMPLICIT_RETAIN_SELF = YES;
				CLANG_WARN_OBJC_LITERAL_CONVERSION = YES;
				CLANG_WARN_OBJC_ROOT_CLASS = YES_ERROR;
				CLANG_WARN_QUOTED_INCLUDE_IN_FRAMEWORK_HEADER = YES;
				CLANG_WARN_RANGE_LOOP_ANALYSIS = YES;
				CLANG_WARN_STRICT_PROTOTYPES = YES;
				CLANG_WARN_SUSPICIOUS_MOVE = YES;
				CLANG_WARN_UNGUARDED_AVAILABILITY = YES_AGGRESSIVE;
				CLANG_WARN_UNREACHABLE_CODE = YES;
				CLANG_WARN__DUPLICATE_METHOD_MATCH = YES;
				COPY_PHASE_STRIP = NO;
				DEBUG_INFORMATION_FORMAT = dwarf;
				ENABLE_STRICT_OBJC_MSGSEND = YES;
				ENABLE_TESTABILITY = YES;
				GCC_C_LANGUAGE_STANDARD = gnu11;
				GCC_DYNAMIC_NO_PIC = NO;
				GCC_NO_COMMON_BLOCKS = YES;
				GCC_OPTIMIZATION_LEVEL = 0;
				GCC_PREPROCESSOR_DEFINITIONS = (
					"DEBUG=1",
					"$(inherited)",
				);
				GCC_WARN_64_TO_32_BIT_CONVERSION = YES;
				GCC_WARN_ABOUT_RETURN_TYPE = YES_ERROR;
				GCC_WARN_UNDECLARED_SELECTOR = YES;
				GCC_WARN_UNINITIALIZED_AUTOS = YES_AGGRESSIVE;
				GCC_WARN_UNUSED_FUNCTION = YES;
				GCC_WARN_UNUSED_VARIABLE = YES;
				IPHONEOS_DEPLOYMENT_TARGET = 14.4;
				MTL_ENABLE_DEBUG_INFO = INCLUDE_SOURCE;
				MTL_FAST_MATH = YES;
				ONLY_ACTIVE_ARCH = YES;
				SDKROOT = iphoneos;
				SWIFT_ACTIVE_COMPILATION_CONDITIONS = DEBUG;
				SWIFT_OPTIMIZATION_LEVEL = "-Onone";
			};
			name = Debug;
		};
		41D8EC47262BE8B3005721C2 /* Release */ = {
			isa = XCBuildConfiguration;
			buildSettings = {
				ALWAYS_SEARCH_USER_PATHS = NO;
				CLANG_ANALYZER_NONNULL = YES;
				CLANG_ANALYZER_NUMBER_OBJECT_CONVERSION = YES_AGGRESSIVE;
				CLANG_CXX_LANGUAGE_STANDARD = "gnu++14";
				CLANG_CXX_LIBRARY = "libc++";
				CLANG_ENABLE_MODULES = YES;
				CLANG_ENABLE_OBJC_ARC = YES;
				CLANG_ENABLE_OBJC_WEAK = YES;
				CLANG_WARN_BLOCK_CAPTURE_AUTORELEASING = YES;
				CLANG_WARN_BOOL_CONVERSION = YES;
				CLANG_WARN_COMMA = YES;
				CLANG_WARN_CONSTANT_CONVERSION = YES;
				CLANG_WARN_DEPRECATED_OBJC_IMPLEMENTATIONS = YES;
				CLANG_WARN_DIRECT_OBJC_ISA_USAGE = YES_ERROR;
				CLANG_WARN_DOCUMENTATION_COMMENTS = YES;
				CLANG_WARN_EMPTY_BODY = YES;
				CLANG_WARN_ENUM_CONVERSION = YES;
				CLANG_WARN_INFINITE_RECURSION = YES;
				CLANG_WARN_INT_CONVERSION = YES;
				CLANG_WARN_NON_LITERAL_NULL_CONVERSION = YES;
				CLANG_WARN_OBJC_IMPLICIT_RETAIN_SELF = YES;
				CLANG_WARN_OBJC_LITERAL_CONVERSION = YES;
				CLANG_WARN_OBJC_ROOT_CLASS = YES_ERROR;
				CLANG_WARN_QUOTED_INCLUDE_IN_FRAMEWORK_HEADER = YES;
				CLANG_WARN_RANGE_LOOP_ANALYSIS = YES;
				CLANG_WARN_STRICT_PROTOTYPES = YES;
				CLANG_WARN_SUSPICIOUS_MOVE = YES;
				CLANG_WARN_UNGUARDED_AVAILABILITY = YES_AGGRESSIVE;
				CLANG_WARN_UNREACHABLE_CODE = YES;
				CLANG_WARN__DUPLICATE_METHOD_MATCH = YES;
				COPY_PHASE_STRIP = NO;
				DEBUG_INFORMATION_FORMAT = "dwarf-with-dsym";
				ENABLE_NS_ASSERTIONS = NO;
				ENABLE_STRICT_OBJC_MSGSEND = YES;
				GCC_C_LANGUAGE_STANDARD = gnu11;
				GCC_NO_COMMON_BLOCKS = YES;
				GCC_WARN_64_TO_32_BIT_CONVERSION = YES;
				GCC_WARN_ABOUT_RETURN_TYPE = YES_ERROR;
				GCC_WARN_UNDECLARED_SELECTOR = YES;
				GCC_WARN_UNINITIALIZED_AUTOS = YES_AGGRESSIVE;
				GCC_WARN_UNUSED_FUNCTION = YES;
				GCC_WARN_UNUSED_VARIABLE = YES;
				IPHONEOS_DEPLOYMENT_TARGET = 14.4;
				MTL_ENABLE_DEBUG_INFO = NO;
				MTL_FAST_MATH = YES;
				SDKROOT = iphoneos;
				SWIFT_COMPILATION_MODE = wholemodule;
				SWIFT_OPTIMIZATION_LEVEL = "-O";
				VALIDATE_PRODUCT = YES;
			};
			name = Release;
		};
		41D8EC49262BE8B3005721C2 /* Debug */ = {
			isa = XCBuildConfiguration;
			buildSettings = {
				ASSETCATALOG_COMPILER_APPICON_NAME = AppIcon;
				ASSETCATALOG_COMPILER_GLOBAL_ACCENT_COLOR_NAME = AccentColor;
				CODE_SIGN_STYLE = Automatic;
				DEVELOPMENT_ASSET_PATHS = "\"Landmarks/Preview Content\"";
				ENABLE_PREVIEWS = YES;
				INFOPLIST_FILE = Landmarks/Info.plist;
				IPHONEOS_DEPLOYMENT_TARGET = 14.0;
				LD_RUNPATH_SEARCH_PATHS = (
					"$(inherited)",
					"@executable_path/Frameworks",
				);
				PRODUCT_BUNDLE_IDENTIFIER = com.chewqiutrain.Landmarks;
				PRODUCT_NAME = "$(TARGET_NAME)";
				SWIFT_VERSION = 5.0;
				TARGETED_DEVICE_FAMILY = "1,2";
			};
			name = Debug;
		};
		41D8EC4A262BE8B3005721C2 /* Release */ = {
			isa = XCBuildConfiguration;
			buildSettings = {
				ASSETCATALOG_COMPILER_APPICON_NAME = AppIcon;
				ASSETCATALOG_COMPILER_GLOBAL_ACCENT_COLOR_NAME = AccentColor;
				CODE_SIGN_STYLE = Automatic;
				DEVELOPMENT_ASSET_PATHS = "\"Landmarks/Preview Content\"";
				ENABLE_PREVIEWS = YES;
				INFOPLIST_FILE = Landmarks/Info.plist;
				IPHONEOS_DEPLOYMENT_TARGET = 14.0;
				LD_RUNPATH_SEARCH_PATHS = (
					"$(inherited)",
					"@executable_path/Frameworks",
				);
				PRODUCT_BUNDLE_IDENTIFIER = com.chewqiutrain.Landmarks;
				PRODUCT_NAME = "$(TARGET_NAME)";
				SWIFT_VERSION = 5.0;
				TARGETED_DEVICE_FAMILY = "1,2";
			};
			name = Release;
		};
/* End XCBuildConfiguration section */

/* Begin XCConfigurationList section */
		41D8EC34262BE8B2005721C2 /* Build configuration list for PBXProject "Landmarks" */ = {
			isa = XCConfigurationList;
			buildConfigurations = (
				41D8EC46262BE8B3005721C2 /* Debug */,
				41D8EC47262BE8B3005721C2 /* Release */,
			);
			defaultConfigurationIsVisible = 0;
			defaultConfigurationName = Release;
		};
		41D8EC48262BE8B3005721C2 /* Build configuration list for PBXNativeTarget "Landmarks" */ = {
			isa = XCConfigurationList;
			buildConfigurations = (
				41D8EC49262BE8B3005721C2 /* Debug */,
				41D8EC4A262BE8B3005721C2 /* Release */,
			);
			defaultConfigurationIsVisible = 0;
			defaultConfigurationName = Release;
		};
/* End XCConfigurationList section */
	};
	rootObject = 41D8EC31262BE8B2005721C2 /* Project object */;
}
